
Microsoft Visual Studio Solution File, Format Version 12.00
# Visual Studio Version 16
VisualStudioVersion = 16.0.33328.57
MinimumVisualStudioVersion = 10.0.40219.1
Project("{FAE04EC0-301F-11D3-BF4B-00C04F79EFBC}") = "Test_10_PolesUP", "Test_10_PolesUP\Test_10_PolesUP.csproj", "{EBFFA809-7E61-4949-83C4-FA3397D765BF}"
EndProject
Global
	GlobalSection(SolutionConfigurationPlatforms) = preSolution
		Debug|Any CPU = Debug|Any CPU
		Release|Any CPU = Release|Any CPU
	EndGlobalSection
	GlobalSection(ProjectConfigurationPlatforms) = postSolution
		{EBFFA809-7E61-4949-83C4-FA3397D765BF}.Debug|Any CPU.ActiveCfg = Debug|Any CPU
		{EBFFA809-7E61-4949-83C4-FA3397D765BF}.Debug|Any CPU.Build.0 = Debug|Any CPU
		{EBFFA809-7E61-4949-83C4-FA3397D765BF}.Release|Any CPU.ActiveCfg = Release|Any CPU
		{EBFFA809-7E61-4949-83C4-FA3397D765BF}.Release|Any CPU.Build.0 = Release|Any CPU
	EndGlobalSection
	GlobalSection(SolutionProperties) = preSolution
		HideSolutionNode = FALSE
	EndGlobalSection
	GlobalSection(ExtensibilityGlobals) = postSolution
		SolutionGuid = {9F40C82E-6E36-40B9-AC03-0F4203F3FFD0}
	EndGlobalSection
EndGlobal
